
Microsoft Visual Studio Solution File, Format Version 12.00
# Visual Studio Version 16
VisualStudioVersion = 16.0.29613.14
MinimumVisualStudioVersion = 10.0.40219.1
Project("{FAE04EC0-301F-11D3-BF4B-00C04F79EFBC}") = "Day11And12Problem", "Day11And12Problem.csproj", "{49258011-7745-40D7-9922-68839921FAAB}"
EndProject
Global
	GlobalSection(SolutionConfigurationPlatforms) = preSolution
		Debug|Any CPU = Debug|Any CPU
		Release|Any CPU = Release|Any CPU
	EndGlobalSection
	GlobalSection(ProjectConfigurationPlatforms) = postSolution
		{49258011-7745-40D7-9922-68839921FAAB}.Debug|Any CPU.ActiveCfg = Debug|Any CPU
		{49258011-7745-40D7-9922-68839921FAAB}.Debug|Any CPU.Build.0 = Debug|Any CPU
		{49258011-7745-40D7-9922-68839921FAAB}.Release|Any CPU.ActiveCfg = Release|Any CPU
		{49258011-7745-40D7-9922-68839921FAAB}.Release|Any CPU.Build.0 = Release|Any CPU
	EndGlobalSection
	GlobalSection(SolutionProperties) = preSolution
		HideSolutionNode = FALSE
	EndGlobalSection
	GlobalSection(ExtensibilityGlobals) = postSolution
		SolutionGuid = {F83F2CD9-3D06-49C7-9CAF-01969CDD8EA5}
	EndGlobalSection
EndGlobal
